
Microsoft Visual Studio Solution File, Format Version 12.00
# Visual Studio 14
VisualStudioVersion = 14.0.24720.0
MinimumVisualStudioVersion = 10.0.40219.1
Project("{FAE04EC0-301F-11D3-BF4B-00C04F79EFBC}") = "RESTapi", "RESTapi\RESTapi.csproj", "{3DEC9B09-5756-4D59-BE4F-61808A216033}"
EndProject
Project("{FAE04EC0-301F-11D3-BF4B-00C04F79EFBC}") = "BitcoinApp", "WindowsFormsApp\BitcoinApp.csproj", "{D0BAD07E-90F1-479F-A88F-75C62D7146AA}"
EndProject
Project("{FAE04EC0-301F-11D3-BF4B-00C04F79EFBC}") = "CRUD", "DatabaseService\CRUD.csproj", "{00C37CFC-FECE-406F-A8CF-30A86DEB76C0}"
EndProject
Global
	GlobalSection(SolutionConfigurationPlatforms) = preSolution
		Debug|Any CPU = Debug|Any CPU
		Release|Any CPU = Release|Any CPU
	EndGlobalSection
	GlobalSection(ProjectConfigurationPlatforms) = postSolution
		{3DEC9B09-5756-4D59-BE4F-61808A216033}.Debug|Any CPU.ActiveCfg = Debug|Any CPU
		{3DEC9B09-5756-4D59-BE4F-61808A216033}.Debug|Any CPU.Build.0 = Debug|Any CPU
		{3DEC9B09-5756-4D59-BE4F-61808A216033}.Release|Any CPU.ActiveCfg = Release|Any CPU
		{3DEC9B09-5756-4D59-BE4F-61808A216033}.Release|Any CPU.Build.0 = Release|Any CPU
		{D0BAD07E-90F1-479F-A88F-75C62D7146AA}.Debug|Any CPU.ActiveCfg = Debug|Any CPU
		{D0BAD07E-90F1-479F-A88F-75C62D7146AA}.Debug|Any CPU.Build.0 = Debug|Any CPU
		{D0BAD07E-90F1-479F-A88F-75C62D7146AA}.Release|Any CPU.ActiveCfg = Release|Any CPU
		{D0BAD07E-90F1-479F-A88F-75C62D7146AA}.Release|Any CPU.Build.0 = Release|Any CPU
		{00C37CFC-FECE-406F-A8CF-30A86DEB76C0}.Debug|Any CPU.ActiveCfg = Debug|Any CPU
		{00C37CFC-FECE-406F-A8CF-30A86DEB76C0}.Debug|Any CPU.Build.0 = Debug|Any CPU
		{00C37CFC-FECE-406F-A8CF-30A86DEB76C0}.Release|Any CPU.ActiveCfg = Release|Any CPU
		{00C37CFC-FECE-406F-A8CF-30A86DEB76C0}.Release|Any CPU.Build.0 = Release|Any CPU
	EndGlobalSection
	GlobalSection(SolutionProperties) = preSolution
		HideSolutionNode = FALSE
	EndGlobalSection
EndGlobal
